{
  "originHash" : "d59e09a8199b37d3d5a58522f728dec08e73dbe61a82a172d7e664c8318d995d",
  "pins" : [
    {
      "identity" : "codescanner",
      "kind" : "remoteSourceControl",
      "location" : "https://github.com/twostraws/CodeScanner",
      "state" : {
        "revision" : "5e886430238944c7200fc9e10dbf2d9550dba865",
        "version" : "2.5.2"
      }
    }
  ],
  "version" : 3
}
