
Microsoft Visual Studio Solution File, Format Version 12.00
# Visual Studio Version 17
VisualStudioVersion = 17.5.002.0
MinimumVisualStudioVersion = 10.0.40219.1
Project("{9A19103F-16F7-4668-BE54-9A1E7A4F7556}") = "MattrIssueDirect", "MattrIssueDirect.csproj", "{2EA267FD-787C-43CF-BA59-83EB9C50F3D0}"
EndProject
Global
	GlobalSection(SolutionConfigurationPlatforms) = preSolution
		Debug|Any CPU = Debug|Any CPU
		Release|Any CPU = Release|Any CPU
	EndGlobalSection
	GlobalSection(ProjectConfigurationPlatforms) = postSolution
		{2EA267FD-787C-43CF-BA59-83EB9C50F3D0}.Debug|Any CPU.ActiveCfg = Debug|Any CPU
		{2EA267FD-787C-43CF-BA59-83EB9C50F3D0}.Debug|Any CPU.Build.0 = Debug|Any CPU
		{2EA267FD-787C-43CF-BA59-83EB9C50F3D0}.Release|Any CPU.ActiveCfg = Release|Any CPU
		{2EA267FD-787C-43CF-BA59-83EB9C50F3D0}.Release|Any CPU.Build.0 = Release|Any CPU
	EndGlobalSection
	GlobalSection(SolutionProperties) = preSolution
		HideSolutionNode = FALSE
	EndGlobalSection
	GlobalSection(ExtensibilityGlobals) = postSolution
		SolutionGuid = {74159E0E-C4E2-49B4-8D9D-EE617C2D39D1}
	EndGlobalSection
EndGlobal
